// !$*UTF8*$!
{
	archiveVersion = 1;
	classes = {
	};
	objectVersion = 48;
	objects = {

/* Begin PBXBuildFile section */
		0F9DC9613BB8BD2A1DBA8D1E /* Pods_ChattrBox.framework in Frameworks */ = {isa = PBXBuildFile; fileRef = 72E46B292FB1A02C1EC67E8C /* Pods_ChattrBox.framework */; };
		194BAC575567391FF2070F02 /* Pods_ChattrBoxTests.framework in Frameworks */ = {isa = PBXBuildFile; fileRef = 6A3905756ACBE499932A2945 /* Pods_ChattrBoxTests.framework */; };
		196CCAB65E2759A5987CD544 /* Pods_ChattrBoxUITests.framework in Frameworks */ = {isa = PBXBuildFile; fileRef = B0B46D26F768DAAE5BA7B4CE /* Pods_ChattrBoxUITests.framework */; };
		E019E849207BAE8D006EFB7D /* AlertsModels.swift in Sources */ = {isa = PBXBuildFile; fileRef = E019E848207BAE8C006EFB7D /* AlertsModels.swift */; };
		E019E84A207BAE8D006EFB7D /* AlertsModels.swift in Sources */ = {isa = PBXBuildFile; fileRef = E019E848207BAE8C006EFB7D /* AlertsModels.swift */; };
		E019E84B207BAE8D006EFB7D /* AlertsModels.swift in Sources */ = {isa = PBXBuildFile; fileRef = E019E848207BAE8C006EFB7D /* AlertsModels.swift */; };
		E019E852207ED8B0006EFB7D /* ACCEssential.storyboard in Resources */ = {isa = PBXBuildFile; fileRef = E019E851207ED8B0006EFB7D /* ACCEssential.storyboard */; };
		E019E853207ED8B0006EFB7D /* ACCEssential.storyboard in Resources */ = {isa = PBXBuildFile; fileRef = E019E851207ED8B0006EFB7D /* ACCEssential.storyboard */; };
		E019E854207ED8B0006EFB7D /* ACCEssential.storyboard in Resources */ = {isa = PBXBuildFile; fileRef = E019E851207ED8B0006EFB7D /* ACCEssential.storyboard */; };
		E0334D22209CE24400DB5C56 /* Glitzstick.ttf in Resources */ = {isa = PBXBuildFile; fileRef = E0334D21209CE24400DB5C56 /* Glitzstick.ttf */; };
		E0334D23209CE24400DB5C56 /* Glitzstick.ttf in Resources */ = {isa = PBXBuildFile; fileRef = E0334D21209CE24400DB5C56 /* Glitzstick.ttf */; };
		E0334D24209CE24400DB5C56 /* Glitzstick.ttf in Resources */ = {isa = PBXBuildFile; fileRef = E0334D21209CE24400DB5C56 /* Glitzstick.ttf */; };
		E05D7888206F45CF000EC831 /* AppDelegate.swift in Sources */ = {isa = PBXBuildFile; fileRef = E05D7887206F45CF000EC831 /* AppDelegate.swift */; };
		E05D788A206F45CF000EC831 /* TabBarController.swift in Sources */ = {isa = PBXBuildFile; fileRef = E05D7889206F45CF000EC831 /* TabBarController.swift */; };
		E05D788D206F45CF000EC831 /* TabBar.storyboard in Resources */ = {isa = PBXBuildFile; fileRef = E05D788B206F45CF000EC831 /* TabBar.storyboard */; };
		E05D788F206F45CF000EC831 /* Assets.xcassets in Resources */ = {isa = PBXBuildFile; fileRef = E05D788E206F45CF000EC831 /* Assets.xcassets */; };
		E05D7892206F45CF000EC831 /* LaunchScreen.storyboard in Resources */ = {isa = PBXBuildFile; fileRef = E05D7890206F45CF000EC831 /* LaunchScreen.storyboard */; };
		E05D789D206F45D0000EC831 /* ChattrBoxTests.swift in Sources */ = {isa = PBXBuildFile; fileRef = E05D789C206F45D0000EC831 /* ChattrBoxTests.swift */; };
		E05D78A8206F45D0000EC831 /* ChattrBoxUITests.swift in Sources */ = {isa = PBXBuildFile; fileRef = E05D78A7206F45D0000EC831 /* ChattrBoxUITests.swift */; };
		E05D78BE206F4703000EC831 /* ActivitiesCollectionViewCell.swift in Sources */ = {isa = PBXBuildFile; fileRef = E05D78BB206F4703000EC831 /* ActivitiesCollectionViewCell.swift */; };
		E05D78BF206F4703000EC831 /* ActivitiesCollectionViewCell.swift in Sources */ = {isa = PBXBuildFile; fileRef = E05D78BB206F4703000EC831 /* ActivitiesCollectionViewCell.swift */; };
		E05D78C0206F4703000EC831 /* ActivitiesCollectionViewCell.swift in Sources */ = {isa = PBXBuildFile; fileRef = E05D78BB206F4703000EC831 /* ActivitiesCollectionViewCell.swift */; };
		E05D78C1206F4703000EC831 /* ActivitiesCollectionViewController.swift in Sources */ = {isa = PBXBuildFile; fileRef = E05D78BC206F4703000EC831 /* ActivitiesCollectionViewController.swift */; };
		E05D78C2206F4703000EC831 /* ActivitiesCollectionViewController.swift in Sources */ = {isa = PBXBuildFile; fileRef = E05D78BC206F4703000EC831 /* ActivitiesCollectionViewController.swift */; };
		E05D78C3206F4703000EC831 /* ActivitiesCollectionViewController.swift in Sources */ = {isa = PBXBuildFile; fileRef = E05D78BC206F4703000EC831 /* ActivitiesCollectionViewController.swift */; };
		E05D78C4206F4703000EC831 /* Activities.storyboard in Resources */ = {isa = PBXBuildFile; fileRef = E05D78BD206F4703000EC831 /* Activities.storyboard */; };
		E05D78C5206F4703000EC831 /* Activities.storyboard in Resources */ = {isa = PBXBuildFile; fileRef = E05D78BD206F4703000EC831 /* Activities.storyboard */; };
		E05D78C6206F4703000EC831 /* Activities.storyboard in Resources */ = {isa = PBXBuildFile; fileRef = E05D78BD206F4703000EC831 /* Activities.storyboard */; };
		E05D78CA206F4743000EC831 /* AddItem.storyboard in Resources */ = {isa = PBXBuildFile; fileRef = E05D78C8206F4743000EC831 /* AddItem.storyboard */; };
		E05D78CB206F4743000EC831 /* AddItem.storyboard in Resources */ = {isa = PBXBuildFile; fileRef = E05D78C8206F4743000EC831 /* AddItem.storyboard */; };
		E05D78CC206F4743000EC831 /* AddItem.storyboard in Resources */ = {isa = PBXBuildFile; fileRef = E05D78C8206F4743000EC831 /* AddItem.storyboard */; };
		E05D78CD206F4743000EC831 /* AddItemViewController.swift in Sources */ = {isa = PBXBuildFile; fileRef = E05D78C9206F4743000EC831 /* AddItemViewController.swift */; };
		E05D78CE206F4743000EC831 /* AddItemViewController.swift in Sources */ = {isa = PBXBuildFile; fileRef = E05D78C9206F4743000EC831 /* AddItemViewController.swift */; };
		E05D78CF206F4743000EC831 /* AddItemViewController.swift in Sources */ = {isa = PBXBuildFile; fileRef = E05D78C9206F4743000EC831 /* AddItemViewController.swift */; };
		E05D78D2206F47F8000EC831 /* Models.swift in Sources */ = {isa = PBXBuildFile; fileRef = E05D78D1206F47F8000EC831 /* Models.swift */; };
		E05D78D3206F47F8000EC831 /* Models.swift in Sources */ = {isa = PBXBuildFile; fileRef = E05D78D1206F47F8000EC831 /* Models.swift */; };
		E05D78D4206F47F8000EC831 /* Models.swift in Sources */ = {isa = PBXBuildFile; fileRef = E05D78D1206F47F8000EC831 /* Models.swift */; };
		E05D78D9206F480F000EC831 /* PeopleCollectionViewCell.swift in Sources */ = {isa = PBXBuildFile; fileRef = E05D78D6206F480F000EC831 /* PeopleCollectionViewCell.swift */; };
		E05D78DA206F480F000EC831 /* PeopleCollectionViewCell.swift in Sources */ = {isa = PBXBuildFile; fileRef = E05D78D6206F480F000EC831 /* PeopleCollectionViewCell.swift */; };
		E05D78DB206F480F000EC831 /* PeopleCollectionViewCell.swift in Sources */ = {isa = PBXBuildFile; fileRef = E05D78D6206F480F000EC831 /* PeopleCollectionViewCell.swift */; };
		E05D78DC206F480F000EC831 /* People.storyboard in Resources */ = {isa = PBXBuildFile; fileRef = E05D78D7206F480F000EC831 /* People.storyboard */; };
		E05D78DD206F480F000EC831 /* People.storyboard in Resources */ = {isa = PBXBuildFile; fileRef = E05D78D7206F480F000EC831 /* People.storyboard */; };
		E05D78DE206F480F000EC831 /* People.storyboard in Resources */ = {isa = PBXBuildFile; fileRef = E05D78D7206F480F000EC831 /* People.storyboard */; };
		E05D78DF206F480F000EC831 /* PeopleCollectionViewController.swift in Sources */ = {isa = PBXBuildFile; fileRef = E05D78D8206F480F000EC831 /* PeopleCollectionViewController.swift */; };
		E05D78E0206F480F000EC831 /* PeopleCollectionViewController.swift in Sources */ = {isa = PBXBuildFile; fileRef = E05D78D8206F480F000EC831 /* PeopleCollectionViewController.swift */; };
		E05D78E1206F480F000EC831 /* PeopleCollectionViewController.swift in Sources */ = {isa = PBXBuildFile; fileRef = E05D78D8206F480F000EC831 /* PeopleCollectionViewController.swift */; };
		E05D78E6206F481B000EC831 /* Places.storyboard in Resources */ = {isa = PBXBuildFile; fileRef = E05D78E3206F481B000EC831 /* Places.storyboard */; };
		E05D78E7206F481B000EC831 /* Places.storyboard in Resources */ = {isa = PBXBuildFile; fileRef = E05D78E3206F481B000EC831 /* Places.storyboard */; };
		E05D78E8206F481B000EC831 /* Places.storyboard in Resources */ = {isa = PBXBuildFile; fileRef = E05D78E3206F481B000EC831 /* Places.storyboard */; };
		E05D78E9206F481B000EC831 /* PlacesCollectionViewCell.swift in Sources */ = {isa = PBXBuildFile; fileRef = E05D78E4206F481B000EC831 /* PlacesCollectionViewCell.swift */; };
		E05D78EA206F481B000EC831 /* PlacesCollectionViewCell.swift in Sources */ = {isa = PBXBuildFile; fileRef = E05D78E4206F481B000EC831 /* PlacesCollectionViewCell.swift */; };
		E05D78EB206F481B000EC831 /* PlacesCollectionViewCell.swift in Sources */ = {isa = PBXBuildFile; fileRef = E05D78E4206F481B000EC831 /* PlacesCollectionViewCell.swift */; };
		E05D78EC206F481B000EC831 /* PlacesCollectionViewController.swift in Sources */ = {isa = PBXBuildFile; fileRef = E05D78E5206F481B000EC831 /* PlacesCollectionViewController.swift */; };
		E05D78ED206F481B000EC831 /* PlacesCollectionViewController.swift in Sources */ = {isa = PBXBuildFile; fileRef = E05D78E5206F481B000EC831 /* PlacesCollectionViewController.swift */; };
		E05D78EE206F481B000EC831 /* PlacesCollectionViewController.swift in Sources */ = {isa = PBXBuildFile; fileRef = E05D78E5206F481B000EC831 /* PlacesCollectionViewController.swift */; };
		E05D78F1207126A8000EC831 /* URL.swift in Sources */ = {isa = PBXBuildFile; fileRef = E05D78F0207126A8000EC831 /* URL.swift */; };
		E05D78F2207126A8000EC831 /* URL.swift in Sources */ = {isa = PBXBuildFile; fileRef = E05D78F0207126A8000EC831 /* URL.swift */; };
		E05D78F3207126A8000EC831 /* URL.swift in Sources */ = {isa = PBXBuildFile; fileRef = E05D78F0207126A8000EC831 /* URL.swift */; };
		E0625FB820868D7E00888D50 /* AacEssentialsCollectionViewCell.swift in Sources */ = {isa = PBXBuildFile; fileRef = E0625FB720868D7E00888D50 /* AacEssentialsCollectionViewCell.swift */; };
		E0625FB920868D7E00888D50 /* AacEssentialsCollectionViewCell.swift in Sources */ = {isa = PBXBuildFile; fileRef = E0625FB720868D7E00888D50 /* AacEssentialsCollectionViewCell.swift */; };
		E0625FBA20868D7E00888D50 /* AacEssentialsCollectionViewCell.swift in Sources */ = {isa = PBXBuildFile; fileRef = E0625FB720868D7E00888D50 /* AacEssentialsCollectionViewCell.swift */; };
		E0625FBC20868DF600888D50 /* AACDelegatesAndExtensions.swift in Sources */ = {isa = PBXBuildFile; fileRef = E0625FBB20868DF600888D50 /* AACDelegatesAndExtensions.swift */; };
		E0625FBD20868DF600888D50 /* AACDelegatesAndExtensions.swift in Sources */ = {isa = PBXBuildFile; fileRef = E0625FBB20868DF600888D50 /* AACDelegatesAndExtensions.swift */; };
		E0625FBE20868DF600888D50 /* AACDelegatesAndExtensions.swift in Sources */ = {isa = PBXBuildFile; fileRef = E0625FBB20868DF600888D50 /* AACDelegatesAndExtensions.swift */; };
		E0625FC02086C60700888D50 /* UIApplicationExtension.swift in Sources */ = {isa = PBXBuildFile; fileRef = E0625FBF2086C60700888D50 /* UIApplicationExtension.swift */; };
		E0625FC12086C60700888D50 /* UIApplicationExtension.swift in Sources */ = {isa = PBXBuildFile; fileRef = E0625FBF2086C60700888D50 /* UIApplicationExtension.swift */; };
		E0625FC22086C60700888D50 /* UIApplicationExtension.swift in Sources */ = {isa = PBXBuildFile; fileRef = E0625FBF2086C60700888D50 /* UIApplicationExtension.swift */; };
		E0DA993220732D72005A0AD8 /* UIImageAndUIImageView.swift in Sources */ = {isa = PBXBuildFile; fileRef = E0DA993120732D72005A0AD8 /* UIImageAndUIImageView.swift */; };
		E0DA993320732D72005A0AD8 /* UIImageAndUIImageView.swift in Sources */ = {isa = PBXBuildFile; fileRef = E0DA993120732D72005A0AD8 /* UIImageAndUIImageView.swift */; };
		E0DA993420732D72005A0AD8 /* UIImageAndUIImageView.swift in Sources */ = {isa = PBXBuildFile; fileRef = E0DA993120732D72005A0AD8 /* UIImageAndUIImageView.swift */; };
		E0DA993720747AD7005A0AD8 /* RealmFunctions.swift in Sources */ = {isa = PBXBuildFile; fileRef = E0DA993620747AD7005A0AD8 /* RealmFunctions.swift */; };
		E0DA993820747AD7005A0AD8 /* RealmFunctions.swift in Sources */ = {isa = PBXBuildFile; fileRef = E0DA993620747AD7005A0AD8 /* RealmFunctions.swift */; };
		E0DA993920747AD7005A0AD8 /* RealmFunctions.swift in Sources */ = {isa = PBXBuildFile; fileRef = E0DA993620747AD7005A0AD8 /* RealmFunctions.swift */; };
		E0DA993B207482C5005A0AD8 /* ActivitiesDelegates.swift in Sources */ = {isa = PBXBuildFile; fileRef = E0DA993A207482C5005A0AD8 /* ActivitiesDelegates.swift */; };
		E0DA993C207482C5005A0AD8 /* ActivitiesDelegates.swift in Sources */ = {isa = PBXBuildFile; fileRef = E0DA993A207482C5005A0AD8 /* ActivitiesDelegates.swift */; };
		E0DA993D207482C5005A0AD8 /* ActivitiesDelegates.swift in Sources */ = {isa = PBXBuildFile; fileRef = E0DA993A207482C5005A0AD8 /* ActivitiesDelegates.swift */; };
		E0DA993F2074831B005A0AD8 /* PeopleDelegates.swift in Sources */ = {isa = PBXBuildFile; fileRef = E0DA993E2074831B005A0AD8 /* PeopleDelegates.swift */; };
		E0DA99402074831B005A0AD8 /* PeopleDelegates.swift in Sources */ = {isa = PBXBuildFile; fileRef = E0DA993E2074831B005A0AD8 /* PeopleDelegates.swift */; };
		E0DA99412074831B005A0AD8 /* PeopleDelegates.swift in Sources */ = {isa = PBXBuildFile; fileRef = E0DA993E2074831B005A0AD8 /* PeopleDelegates.swift */; };
		E0DA9943207483AD005A0AD8 /* PlacesDelegates.swift in Sources */ = {isa = PBXBuildFile; fileRef = E0DA9942207483AD005A0AD8 /* PlacesDelegates.swift */; };
		E0DA9944207483AD005A0AD8 /* PlacesDelegates.swift in Sources */ = {isa = PBXBuildFile; fileRef = E0DA9942207483AD005A0AD8 /* PlacesDelegates.swift */; };
		E0DA9945207483AD005A0AD8 /* PlacesDelegates.swift in Sources */ = {isa = PBXBuildFile; fileRef = E0DA9942207483AD005A0AD8 /* PlacesDelegates.swift */; };
		E0DA99472075135D005A0AD8 /* AVAudioModels.swift in Sources */ = {isa = PBXBuildFile; fileRef = E0DA99462075135D005A0AD8 /* AVAudioModels.swift */; };
		E0DA99482075135D005A0AD8 /* AVAudioModels.swift in Sources */ = {isa = PBXBuildFile; fileRef = E0DA99462075135D005A0AD8 /* AVAudioModels.swift */; };
		E0DA99492075135D005A0AD8 /* AVAudioModels.swift in Sources */ = {isa = PBXBuildFile; fileRef = E0DA99462075135D005A0AD8 /* AVAudioModels.swift */; };
		E0DA99502076A50B005A0AD8 /* IntroViewController.swift in Sources */ = {isa = PBXBuildFile; fileRef = E0DA994F2076A50B005A0AD8 /* IntroViewController.swift */; };
		E0DA99582076C568005A0AD8 /* AACEssentialsViewController.swift in Sources */ = {isa = PBXBuildFile; fileRef = E0DA99572076C568005A0AD8 /* AACEssentialsViewController.swift */; };
		E0DA99592076C568005A0AD8 /* AACEssentialsViewController.swift in Sources */ = {isa = PBXBuildFile; fileRef = E0DA99572076C568005A0AD8 /* AACEssentialsViewController.swift */; };
		E0DA995A2076C568005A0AD8 /* AACEssentialsViewController.swift in Sources */ = {isa = PBXBuildFile; fileRef = E0DA99572076C568005A0AD8 /* AACEssentialsViewController.swift */; };
		E0DA995D2076DEC0005A0AD8 /* Main.storyboard in Resources */ = {isa = PBXBuildFile; fileRef = E0DA995C2076DEC0005A0AD8 /* Main.storyboard */; };
		E0DA995E2076DEC0005A0AD8 /* Main.storyboard in Resources */ = {isa = PBXBuildFile; fileRef = E0DA995C2076DEC0005A0AD8 /* Main.storyboard */; };
		E0DA995F2076DEC0005A0AD8 /* Main.storyboard in Resources */ = {isa = PBXBuildFile; fileRef = E0DA995C2076DEC0005A0AD8 /* Main.storyboard */; };
		E0DA99602076DED2005A0AD8 /* IntroViewController.swift in Sources */ = {isa = PBXBuildFile; fileRef = E0DA994F2076A50B005A0AD8 /* IntroViewController.swift */; };
		E0DA99612076DED2005A0AD8 /* IntroViewController.swift in Sources */ = {isa = PBXBuildFile; fileRef = E0DA994F2076A50B005A0AD8 /* IntroViewController.swift */; };
/* End PBXBuildFile section */

/* Begin PBXContainerItemProxy section */
		E05D7899206F45D0000EC831 /* PBXContainerItemProxy */ = {
			isa = PBXContainerItemProxy;
			containerPortal = E05D787C206F45CF000EC831 /* Project object */;
			proxyType = 1;
			remoteGlobalIDString = E05D7883206F45CF000EC831;
			remoteInfo = ChattrBox;
		};
		E05D78A4206F45D0000EC831 /* PBXContainerItemProxy */ = {
			isa = PBXContainerItemProxy;
			containerPortal = E05D787C206F45CF000EC831 /* Project object */;
			proxyType = 1;
			remoteGlobalIDString = E05D7883206F45CF000EC831;
			remoteInfo = ChattrBox;
		};
/* End PBXContainerItemProxy section */

/* Begin PBXFileReference section */
		1DF70566C34635785E84AC30 /* Pods-ChattrBox.debug.xcconfig */ = {isa = PBXFileReference; includeInIndex = 1; lastKnownFileType = text.xcconfig; name = "Pods-ChattrBox.debug.xcconfig"; path = "Pods/Target Support Files/Pods-ChattrBox/Pods-ChattrBox.debug.xcconfig"; sourceTree = "<group>"; };
		630E97F03FD58681ACD95AD8 /* Pods-ChattrBoxUITests.release.xcconfig */ = {isa = PBXFileReference; includeInIndex = 1; lastKnownFileType = text.xcconfig; name = "Pods-ChattrBoxUITests.release.xcconfig"; path = "Pods/Target Support Files/Pods-ChattrBoxUITests/Pods-ChattrBoxUITests.release.xcconfig"; sourceTree = "<group>"; };
		6A3905756ACBE499932A2945 /* Pods_ChattrBoxTests.framework */ = {isa = PBXFileReference; explicitFileType = wrapper.framework; includeInIndex = 0; path = Pods_ChattrBoxTests.framework; sourceTree = BUILT_PRODUCTS_DIR; };
		72E46B292FB1A02C1EC67E8C /* Pods_ChattrBox.framework */ = {isa = PBXFileReference; explicitFileType = wrapper.framework; includeInIndex = 0; path = Pods_ChattrBox.framework; sourceTree = BUILT_PRODUCTS_DIR; };
		7A37414D14ED20ED562E9DD7 /* Pods-ChattrBox.release.xcconfig */ = {isa = PBXFileReference; includeInIndex = 1; lastKnownFileType = text.xcconfig; name = "Pods-ChattrBox.release.xcconfig"; path = "Pods/Target Support Files/Pods-ChattrBox/Pods-ChattrBox.release.xcconfig"; sourceTree = "<group>"; };
		7DC3A4CEC28947B950415C0C /* Pods-ChattrBoxTests.release.xcconfig */ = {isa = PBXFileReference; includeInIndex = 1; lastKnownFileType = text.xcconfig; name = "Pods-ChattrBoxTests.release.xcconfig"; path = "Pods/Target Support Files/Pods-ChattrBoxTests/Pods-ChattrBoxTests.release.xcconfig"; sourceTree = "<group>"; };
		87F3EDAFD2B90AAAB120E22C /* Pods-ChattrBoxTests.debug.xcconfig */ = {isa = PBXFileReference; includeInIndex = 1; lastKnownFileType = text.xcconfig; name = "Pods-ChattrBoxTests.debug.xcconfig"; path = "Pods/Target Support Files/Pods-ChattrBoxTests/Pods-ChattrBoxTests.debug.xcconfig"; sourceTree = "<group>"; };
		9404B046C0DDCEBBB0D31B88 /* Pods-ChattrBoxUITests.debug.xcconfig */ = {isa = PBXFileReference; includeInIndex = 1; lastKnownFileType = text.xcconfig; name = "Pods-ChattrBoxUITests.debug.xcconfig"; path = "Pods/Target Support Files/Pods-ChattrBoxUITests/Pods-ChattrBoxUITests.debug.xcconfig"; sourceTree = "<group>"; };
		B0B46D26F768DAAE5BA7B4CE /* Pods_ChattrBoxUITests.framework */ = {isa = PBXFileReference; explicitFileType = wrapper.framework; includeInIndex = 0; path = Pods_ChattrBoxUITests.framework; sourceTree = BUILT_PRODUCTS_DIR; };
		E019E848207BAE8C006EFB7D /* AlertsModels.swift */ = {isa = PBXFileReference; lastKnownFileType = sourcecode.swift; path = AlertsModels.swift; sourceTree = "<group>"; };
		E019E851207ED8B0006EFB7D /* ACCEssential.storyboard */ = {isa = PBXFileReference; fileEncoding = 4; lastKnownFileType = file.storyboard; path = ACCEssential.storyboard; sourceTree = "<group>"; };
		E0334D21209CE24400DB5C56 /* Glitzstick.ttf */ = {isa = PBXFileReference; lastKnownFileType = file; path = Glitzstick.ttf; sourceTree = "<group>"; };
		E05D7884206F45CF000EC831 /* ChattrBox.app */ = {isa = PBXFileReference; explicitFileType = wrapper.application; includeInIndex = 0; path = ChattrBox.app; sourceTree = BUILT_PRODUCTS_DIR; };
		E05D7887206F45CF000EC831 /* AppDelegate.swift */ = {isa = PBXFileReference; lastKnownFileType = sourcecode.swift; path = AppDelegate.swift; sourceTree = "<group>"; };
		E05D7889206F45CF000EC831 /* TabBarController.swift */ = {isa = PBXFileReference; lastKnownFileType = sourcecode.swift; path = TabBarController.swift; sourceTree = "<group>"; };
		E05D788C206F45CF000EC831 /* Base */ = {isa = PBXFileReference; lastKnownFileType = file.storyboard; name = Base; path = Base.lproj/TabBar.storyboard; sourceTree = "<group>"; };
		E05D788E206F45CF000EC831 /* Assets.xcassets */ = {isa = PBXFileReference; lastKnownFileType = folder.assetcatalog; path = Assets.xcassets; sourceTree = "<group>"; };
		E05D7891206F45CF000EC831 /* Base */ = {isa = PBXFileReference; lastKnownFileType = file.storyboard; name = Base; path = Base.lproj/LaunchScreen.storyboard; sourceTree = "<group>"; };
		E05D7893206F45D0000EC831 /* Info.plist */ = {isa = PBXFileReference; lastKnownFileType = text.plist.xml; path = Info.plist; sourceTree = "<group>"; };
		E05D7898206F45D0000EC831 /* ChattrBoxTests.xctest */ = {isa = PBXFileReference; explicitFileType = wrapper.cfbundle; includeInIndex = 0; path = ChattrBoxTests.xctest; sourceTree = BUILT_PRODUCTS_DIR; };
		E05D789C206F45D0000EC831 /* ChattrBoxTests.swift */ = {isa = PBXFileReference; lastKnownFileType = sourcecode.swift; path = ChattrBoxTests.swift; sourceTree = "<group>"; };
		E05D789E206F45D0000EC831 /* Info.plist */ = {isa = PBXFileReference; lastKnownFileType = text.plist.xml; path = Info.plist; sourceTree = "<group>"; };
		E05D78A3206F45D0000EC831 /* ChattrBoxUITests.xctest */ = {isa = PBXFileReference; explicitFileType = wrapper.cfbundle; includeInIndex = 0; path = ChattrBoxUITests.xctest; sourceTree = BUILT_PRODUCTS_DIR; };
		E05D78A7206F45D0000EC831 /* ChattrBoxUITests.swift */ = {isa = PBXFileReference; lastKnownFileType = sourcecode.swift; path = ChattrBoxUITests.swift; sourceTree = "<group>"; };
		E05D78A9206F45D0000EC831 /* Info.plist */ = {isa = PBXFileReference; lastKnownFileType = text.plist.xml; path = Info.plist; sourceTree = "<group>"; };
		E05D78BB206F4703000EC831 /* ActivitiesCollectionViewCell.swift */ = {isa = PBXFileReference; fileEncoding = 4; lastKnownFileType = sourcecode.swift; path = ActivitiesCollectionViewCell.swift; sourceTree = "<group>"; };
		E05D78BC206F4703000EC831 /* ActivitiesCollectionViewController.swift */ = {isa = PBXFileReference; fileEncoding = 4; lastKnownFileType = sourcecode.swift; path = ActivitiesCollectionViewController.swift; sourceTree = "<group>"; };
		E05D78BD206F4703000EC831 /* Activities.storyboard */ = {isa = PBXFileReference; fileEncoding = 4; lastKnownFileType = file.storyboard; path = Activities.storyboard; sourceTree = "<group>"; };
		E05D78C8206F4743000EC831 /* AddItem.storyboard */ = {isa = PBXFileReference; fileEncoding = 4; lastKnownFileType = file.storyboard; path = AddItem.storyboard; sourceTree = "<group>"; };
		E05D78C9206F4743000EC831 /* AddItemViewController.swift */ = {isa = PBXFileReference; fileEncoding = 4; lastKnownFileType = sourcecode.swift; path = AddItemViewController.swift; sourceTree = "<group>"; };
		E05D78D1206F47F8000EC831 /* Models.swift */ = {isa = PBXFileReference; fileEncoding = 4; lastKnownFileType = sourcecode.swift; path = Models.swift; sourceTree = "<group>"; };
		E05D78D6206F480F000EC831 /* PeopleCollectionViewCell.swift */ = {isa = PBXFileReference; fileEncoding = 4; lastKnownFileType = sourcecode.swift; path = PeopleCollectionViewCell.swift; sourceTree = "<group>"; };
		E05D78D7206F480F000EC831 /* People.storyboard */ = {isa = PBXFileReference; fileEncoding = 4; lastKnownFileType = file.storyboard; path = People.storyboard; sourceTree = "<group>"; };
		E05D78D8206F480F000EC831 /* PeopleCollectionViewController.swift */ = {isa = PBXFileReference; fileEncoding = 4; lastKnownFileType = sourcecode.swift; path = PeopleCollectionViewController.swift; sourceTree = "<group>"; };
		E05D78E3206F481B000EC831 /* Places.storyboard */ = {isa = PBXFileReference; fileEncoding = 4; lastKnownFileType = file.storyboard; path = Places.storyboard; sourceTree = "<group>"; };
		E05D78E4206F481B000EC831 /* PlacesCollectionViewCell.swift */ = {isa = PBXFileReference; fileEncoding = 4; lastKnownFileType = sourcecode.swift; path = PlacesCollectionViewCell.swift; sourceTree = "<group>"; };
		E05D78E5206F481B000EC831 /* PlacesCollectionViewController.swift */ = {isa = PBXFileReference; fileEncoding = 4; lastKnownFileType = sourcecode.swift; path = PlacesCollectionViewController.swift; sourceTree = "<group>"; };
		E05D78F0207126A8000EC831 /* URL.swift */ = {isa = PBXFileReference; lastKnownFileType = sourcecode.swift; path = URL.swift; sourceTree = "<group>"; };
		E0625FB720868D7E00888D50 /* AacEssentialsCollectionViewCell.swift */ = {isa = PBXFileReference; lastKnownFileType = sourcecode.swift; path = AacEssentialsCollectionViewCell.swift; sourceTree = "<group>"; };
		E0625FBB20868DF600888D50 /* AACDelegatesAndExtensions.swift */ = {isa = PBXFileReference; lastKnownFileType = sourcecode.swift; path = AACDelegatesAndExtensions.swift; sourceTree = "<group>"; };
		E0625FBF2086C60700888D50 /* UIApplicationExtension.swift */ = {isa = PBXFileReference; lastKnownFileType = sourcecode.swift; path = UIApplicationExtension.swift; sourceTree = "<group>"; };
		E0DA993120732D72005A0AD8 /* UIImageAndUIImageView.swift */ = {isa = PBXFileReference; lastKnownFileType = sourcecode.swift; path = UIImageAndUIImageView.swift; sourceTree = "<group>"; };
		E0DA993620747AD7005A0AD8 /* RealmFunctions.swift */ = {isa = PBXFileReference; lastKnownFileType = sourcecode.swift; path = RealmFunctions.swift; sourceTree = "<group>"; };
		E0DA993A207482C5005A0AD8 /* ActivitiesDelegates.swift */ = {isa = PBXFileReference; lastKnownFileType = sourcecode.swift; path = ActivitiesDelegates.swift; sourceTree = "<group>"; };
		E0DA993E2074831B005A0AD8 /* PeopleDelegates.swift */ = {isa = PBXFileReference; lastKnownFileType = sourcecode.swift; path = PeopleDelegates.swift; sourceTree = "<group>"; };
		E0DA9942207483AD005A0AD8 /* PlacesDelegates.swift */ = {isa = PBXFileReference; lastKnownFileType = sourcecode.swift; path = PlacesDelegates.swift; sourceTree = "<group>"; };
		E0DA99462075135D005A0AD8 /* AVAudioModels.swift */ = {isa = PBXFileReference; lastKnownFileType = sourcecode.swift; path = AVAudioModels.swift; sourceTree = "<group>"; };
		E0DA994F2076A50B005A0AD8 /* IntroViewController.swift */ = {isa = PBXFileReference; lastKnownFileType = sourcecode.swift; path = IntroViewController.swift; sourceTree = "<group>"; };
		E0DA99572076C568005A0AD8 /* AACEssentialsViewController.swift */ = {isa = PBXFileReference; lastKnownFileType = sourcecode.swift; path = AACEssentialsViewController.swift; sourceTree = "<group>"; };
		E0DA995C2076DEC0005A0AD8 /* Main.storyboard */ = {isa = PBXFileReference; fileEncoding = 4; lastKnownFileType = file.storyboard; path = Main.storyboard; sourceTree = "<group>"; };
/* End PBXFileReference section */

/* Begin PBXFrameworksBuildPhase section */
		E05D7881206F45CF000EC831 /* Frameworks */ = {
			isa = PBXFrameworksBuildPhase;
			buildActionMask = 2147483647;
			files = (
				0F9DC9613BB8BD2A1DBA8D1E /* Pods_ChattrBox.framework in Frameworks */,
			);
			runOnlyForDeploymentPostprocessing = 0;
		};
		E05D7895206F45D0000EC831 /* Frameworks */ = {
			isa = PBXFrameworksBuildPhase;
			buildActionMask = 2147483647;
			files = (
				194BAC575567391FF2070F02 /* Pods_ChattrBoxTests.framework in Frameworks */,
			);
			runOnlyForDeploymentPostprocessing = 0;
		};
		E05D78A0206F45D0000EC831 /* Frameworks */ = {
			isa = PBXFrameworksBuildPhase;
			buildActionMask = 2147483647;
			files = (
				196CCAB65E2759A5987CD544 /* Pods_ChattrBoxUITests.framework in Frameworks */,
			);
			runOnlyForDeploymentPostprocessing = 0;
		};
/* End PBXFrameworksBuildPhase section */

/* Begin PBXGroup section */
		11B2CEDB9D35BF60A0A7DB2F /* Pods */ = {
			isa = PBXGroup;
			children = (
				1DF70566C34635785E84AC30 /* Pods-ChattrBox.debug.xcconfig */,
				7A37414D14ED20ED562E9DD7 /* Pods-ChattrBox.release.xcconfig */,
				87F3EDAFD2B90AAAB120E22C /* Pods-ChattrBoxTests.debug.xcconfig */,
				7DC3A4CEC28947B950415C0C /* Pods-ChattrBoxTests.release.xcconfig */,
				9404B046C0DDCEBBB0D31B88 /* Pods-ChattrBoxUITests.debug.xcconfig */,
				630E97F03FD58681ACD95AD8 /* Pods-ChattrBoxUITests.release.xcconfig */,
			);
			name = Pods;
			sourceTree = "<group>";
		};
		BEDC2BDDC8543798C78D430A /* Frameworks */ = {
			isa = PBXGroup;
			children = (
				72E46B292FB1A02C1EC67E8C /* Pods_ChattrBox.framework */,
				6A3905756ACBE499932A2945 /* Pods_ChattrBoxTests.framework */,
				B0B46D26F768DAAE5BA7B4CE /* Pods_ChattrBoxUITests.framework */,
			);
			name = Frameworks;
			sourceTree = "<group>";
		};
		E05D787B206F45CF000EC831 = {
			isa = PBXGroup;
			children = (
				E05D7886206F45CF000EC831 /* ChattrBox */,
				E05D789B206F45D0000EC831 /* ChattrBoxTests */,
				E05D78A6206F45D0000EC831 /* ChattrBoxUITests */,
				E05D7885206F45CF000EC831 /* Products */,
				11B2CEDB9D35BF60A0A7DB2F /* Pods */,
				BEDC2BDDC8543798C78D430A /* Frameworks */,
			);
			sourceTree = "<group>";
		};
		E05D7885206F45CF000EC831 /* Products */ = {
			isa = PBXGroup;
			children = (
				E05D7884206F45CF000EC831 /* ChattrBox.app */,
				E05D7898206F45D0000EC831 /* ChattrBoxTests.xctest */,
				E05D78A3206F45D0000EC831 /* ChattrBoxUITests.xctest */,
			);
			name = Products;
			sourceTree = "<group>";
		};
		E05D7886206F45CF000EC831 /* ChattrBox */ = {
			isa = PBXGroup;
			children = (
				E0DA995B2076DEA6005A0AD8 /* Intro */,
				E05D78B5206F4619000EC831 /* TabBarController */,
				E0DA994A2076A38D005A0AD8 /* AAC Essentials */,
				E05D78BA206F4703000EC831 /* Activities */,
				E05D78D5206F480F000EC831 /* People */,
				E05D78E2206F481B000EC831 /* Places */,
				E0DA993520747A92005A0AD8 /* Realm */,
				E05D78EF20712690000EC831 /* Extensions and ClassModels */,
				E05D78C7206F4743000EC831 /* AddItem */,
				E05D78D0206F47F8000EC831 /* Object Model */,
				E05D7887206F45CF000EC831 /* AppDelegate.swift */,
				E0334D21209CE24400DB5C56 /* Glitzstick.ttf */,
				E05D788E206F45CF000EC831 /* Assets.xcassets */,
				E05D7890206F45CF000EC831 /* LaunchScreen.storyboard */,
				E05D7893206F45D0000EC831 /* Info.plist */,
			);
			path = ChattrBox;
			sourceTree = "<group>";
		};
		E05D789B206F45D0000EC831 /* ChattrBoxTests */ = {
			isa = PBXGroup;
			children = (
				E05D789C206F45D0000EC831 /* ChattrBoxTests.swift */,
				E05D789E206F45D0000EC831 /* Info.plist */,
			);
			path = ChattrBoxTests;
			sourceTree = "<group>";
		};
		E05D78A6206F45D0000EC831 /* ChattrBoxUITests */ = {
			isa = PBXGroup;
			children = (
				E05D78A7206F45D0000EC831 /* ChattrBoxUITests.swift */,
				E05D78A9206F45D0000EC831 /* Info.plist */,
			);
			path = ChattrBoxUITests;
			sourceTree = "<group>";
		};
		E05D78B5206F4619000EC831 /* TabBarController */ = {
			isa = PBXGroup;
			children = (
				E05D788B206F45CF000EC831 /* TabBar.storyboard */,
				E05D7889206F45CF000EC831 /* TabBarController.swift */,
			);
			path = TabBarController;
			sourceTree = "<group>";
		};
		E05D78BA206F4703000EC831 /* Activities */ = {
			isa = PBXGroup;
			children = (
				E05D78BB206F4703000EC831 /* ActivitiesCollectionViewCell.swift */,
				E05D78BC206F4703000EC831 /* ActivitiesCollectionViewController.swift */,
				E05D78BD206F4703000EC831 /* Activities.storyboard */,
				E0DA993A207482C5005A0AD8 /* ActivitiesDelegates.swift */,
			);
			path = Activities;
			sourceTree = "<group>";
		};
		E05D78C7206F4743000EC831 /* AddItem */ = {
			isa = PBXGroup;
			children = (
				E05D78C8206F4743000EC831 /* AddItem.storyboard */,
				E05D78C9206F4743000EC831 /* AddItemViewController.swift */,
			);
			path = AddItem;
			sourceTree = "<group>";
		};
		E05D78D0206F47F8000EC831 /* Object Model */ = {
			isa = PBXGroup;
			children = (
				E05D78D1206F47F8000EC831 /* Models.swift */,
			);
			path = "Object Model";
			sourceTree = "<group>";
		};
		E05D78D5206F480F000EC831 /* People */ = {
			isa = PBXGroup;
			children = (
				E05D78D6206F480F000EC831 /* PeopleCollectionViewCell.swift */,
				E05D78D7206F480F000EC831 /* People.storyboard */,
				E05D78D8206F480F000EC831 /* PeopleCollectionViewController.swift */,
				E0DA993E2074831B005A0AD8 /* PeopleDelegates.swift */,
			);
			path = People;
			sourceTree = "<group>";
		};
		E05D78E2206F481B000EC831 /* Places */ = {
			isa = PBXGroup;
			children = (
				E05D78E3206F481B000EC831 /* Places.storyboard */,
				E05D78E4206F481B000EC831 /* PlacesCollectionViewCell.swift */,
				E05D78E5206F481B000EC831 /* PlacesCollectionViewController.swift */,
				E0DA9942207483AD005A0AD8 /* PlacesDelegates.swift */,
			);
			path = Places;
			sourceTree = "<group>";
		};
		E05D78EF20712690000EC831 /* Extensions and ClassModels */ = {
			isa = PBXGroup;
			children = (
				E05D78F0207126A8000EC831 /* URL.swift */,
				E0DA993120732D72005A0AD8 /* UIImageAndUIImageView.swift */,
				E0DA99462075135D005A0AD8 /* AVAudioModels.swift */,
				E019E848207BAE8C006EFB7D /* AlertsModels.swift */,
				E0625FBF2086C60700888D50 /* UIApplicationExtension.swift */,
			);
			path = "Extensions and ClassModels";
			sourceTree = "<group>";
		};
		E0DA993520747A92005A0AD8 /* Realm */ = {
			isa = PBXGroup;
			children = (
				E0DA993620747AD7005A0AD8 /* RealmFunctions.swift */,
			);
			path = Realm;
			sourceTree = "<group>";
		};
		E0DA994A2076A38D005A0AD8 /* AAC Essentials */ = {
			isa = PBXGroup;
			children = (
				E019E851207ED8B0006EFB7D /* ACCEssential.storyboard */,
				E0DA99572076C568005A0AD8 /* AACEssentialsViewController.swift */,
				E0625FB720868D7E00888D50 /* AacEssentialsCollectionViewCell.swift */,
				E0625FBB20868DF600888D50 /* AACDelegatesAndExtensions.swift */,
			);
			path = "AAC Essentials";
			sourceTree = "<group>";
		};
		E0DA995B2076DEA6005A0AD8 /* Intro */ = {
			isa = PBXGroup;
			children = (
				E0DA994F2076A50B005A0AD8 /* IntroViewController.swift */,
				E0DA995C2076DEC0005A0AD8 /* Main.storyboard */,
			);
			path = Intro;
			sourceTree = "<group>";
		};
/* End PBXGroup section */

/* Begin PBXNativeTarget section */
		E05D7883206F45CF000EC831 /* ChattrBox */ = {
			isa = PBXNativeTarget;
			buildConfigurationList = E05D78AC206F45D0000EC831 /* Build configuration list for PBXNativeTarget "ChattrBox" */;
			buildPhases = (
				3145174E8899A8688C763FA3 /* [CP] Check Pods Manifest.lock */,
				E05D7880206F45CF000EC831 /* Sources */,
				E05D7881206F45CF000EC831 /* Frameworks */,
				E05D7882206F45CF000EC831 /* Resources */,
				6AA3E1276B3D4F4255584DE5 /* [CP] Embed Pods Frameworks */,
			);
			buildRules = (
			);
			dependencies = (
			);
			name = ChattrBox;
			productName = ChattrBox;
			productReference = E05D7884206F45CF000EC831 /* ChattrBox.app */;
			productType = "com.apple.product-type.application";
		};
		E05D7897206F45D0000EC831 /* ChattrBoxTests */ = {
			isa = PBXNativeTarget;
			buildConfigurationList = E05D78AF206F45D0000EC831 /* Build configuration list for PBXNativeTarget "ChattrBoxTests" */;
			buildPhases = (
				C732BCA6B3B04FEB38F47FF8 /* [CP] Check Pods Manifest.lock */,
				E05D7894206F45D0000EC831 /* Sources */,
				E05D7895206F45D0000EC831 /* Frameworks */,
				E05D7896206F45D0000EC831 /* Resources */,
				38A6DC53F476E267D9890DB6 /* [CP] Embed Pods Frameworks */,
			);
			buildRules = (
			);
			dependencies = (
				E05D789A206F45D0000EC831 /* PBXTargetDependency */,
			);
			name = ChattrBoxTests;
			productName = ChattrBoxTests;
			productReference = E05D7898206F45D0000EC831 /* ChattrBoxTests.xctest */;
			productType = "com.apple.product-type.bundle.unit-test";
		};
		E05D78A2206F45D0000EC831 /* ChattrBoxUITests */ = {
			isa = PBXNativeTarget;
			buildConfigurationList = E05D78B2206F45D0000EC831 /* Build configuration list for PBXNativeTarget "ChattrBoxUITests" */;
			buildPhases = (
				D958C9CF327E87E4BEDDF2C0 /* [CP] Check Pods Manifest.lock */,
				E05D789F206F45D0000EC831 /* Sources */,
				E05D78A0206F45D0000EC831 /* Frameworks */,
				E05D78A1206F45D0000EC831 /* Resources */,
				A45EE34236917AB9DA78C9F7 /* [CP] Embed Pods Frameworks */,
			);
			buildRules = (
			);
			dependencies = (
				E05D78A5206F45D0000EC831 /* PBXTargetDependency */,
			);
			name = ChattrBoxUITests;
			productName = ChattrBoxUITests;
			productReference = E05D78A3206F45D0000EC831 /* ChattrBoxUITests.xctest */;
			productType = "com.apple.product-type.bundle.ui-testing";
		};
/* End PBXNativeTarget section */

/* Begin PBXProject section */
		E05D787C206F45CF000EC831 /* Project object */ = {
			isa = PBXProject;
			attributes = {
				LastSwiftUpdateCheck = 0920;
				LastUpgradeCheck = 0930;
				ORGANIZATIONNAME = "Rey Cerio";
				TargetAttributes = {
					E05D7883206F45CF000EC831 = {
						CreatedOnToolsVersion = 9.2;
						ProvisioningStyle = Automatic;
					};
					E05D7897206F45D0000EC831 = {
						CreatedOnToolsVersion = 9.2;
						ProvisioningStyle = Automatic;
						TestTargetID = E05D7883206F45CF000EC831;
					};
					E05D78A2206F45D0000EC831 = {
						CreatedOnToolsVersion = 9.2;
						ProvisioningStyle = Automatic;
						TestTargetID = E05D7883206F45CF000EC831;
					};
				};
			};
			buildConfigurationList = E05D787F206F45CF000EC831 /* Build configuration list for PBXProject "ChattrBox" */;
			compatibilityVersion = "Xcode 8.0";
			developmentRegion = en;
			hasScannedForEncodings = 0;
			knownRegions = (
				en,
				Base,
			);
			mainGroup = E05D787B206F45CF000EC831;
			productRefGroup = E05D7885206F45CF000EC831 /* Products */;
			projectDirPath = "";
			projectRoot = "";
			targets = (
				E05D7883206F45CF000EC831 /* ChattrBox */,
				E05D7897206F45D0000EC831 /* ChattrBoxTests */,
				E05D78A2206F45D0000EC831 /* ChattrBoxUITests */,
			);
		};
/* End PBXProject section */

/* Begin PBXResourcesBuildPhase section */
		E05D7882206F45CF000EC831 /* Resources */ = {
			isa = PBXResourcesBuildPhase;
			buildActionMask = 2147483647;
			files = (
				E05D78CA206F4743000EC831 /* AddItem.storyboard in Resources */,
				E019E852207ED8B0006EFB7D /* ACCEssential.storyboard in Resources */,
				E05D78E6206F481B000EC831 /* Places.storyboard in Resources */,
				E05D7892206F45CF000EC831 /* LaunchScreen.storyboard in Resources */,
				E05D78C4206F4703000EC831 /* Activities.storyboard in Resources */,
				E05D78DC206F480F000EC831 /* People.storyboard in Resources */,
				E05D788F206F45CF000EC831 /* Assets.xcassets in Resources */,
				E0DA995D2076DEC0005A0AD8 /* Main.storyboard in Resources */,
				E0334D22209CE24400DB5C56 /* Glitzstick.ttf in Resources */,
				E05D788D206F45CF000EC831 /* TabBar.storyboard in Resources */,
			);
			runOnlyForDeploymentPostprocessing = 0;
		};
		E05D7896206F45D0000EC831 /* Resources */ = {
			isa = PBXResourcesBuildPhase;
			buildActionMask = 2147483647;
			files = (
				E05D78E7206F481B000EC831 /* Places.storyboard in Resources */,
				E019E853207ED8B0006EFB7D /* ACCEssential.storyboard in Resources */,
				E05D78DD206F480F000EC831 /* People.storyboard in Resources */,
				E0DA995E2076DEC0005A0AD8 /* Main.storyboard in Resources */,
				E0334D23209CE24400DB5C56 /* Glitzstick.ttf in Resources */,
				E05D78C5206F4703000EC831 /* Activities.storyboard in Resources */,
				E05D78CB206F4743000EC831 /* AddItem.storyboard in Resources */,
			);
			runOnlyForDeploymentPostprocessing = 0;
		};
		E05D78A1206F45D0000EC831 /* Resources */ = {
			isa = PBXResourcesBuildPhase;
			buildActionMask = 2147483647;
			files = (
				E05D78E8206F481B000EC831 /* Places.storyboard in Resources */,
				E019E854207ED8B0006EFB7D /* ACCEssential.storyboard in Resources */,
				E05D78DE206F480F000EC831 /* People.storyboard in Resources */,
				E0DA995F2076DEC0005A0AD8 /* Main.storyboard in Resources */,
				E0334D24209CE24400DB5C56 /* Glitzstick.ttf in Resources */,
				E05D78C6206F4703000EC831 /* Activities.storyboard in Resources */,
				E05D78CC206F4743000EC831 /* AddItem.storyboard in Resources */,
			);
			runOnlyForDeploymentPostprocessing = 0;
		};
/* End PBXResourcesBuildPhase section */

/* Begin PBXShellScriptBuildPhase section */
		3145174E8899A8688C763FA3 /* [CP] Check Pods Manifest.lock */ = {
			isa = PBXShellScriptBuildPhase;
			buildActionMask = 2147483647;
			files = (
			);
			inputPaths = (
				"${PODS_PODFILE_DIR_PATH}/Podfile.lock",
				"${PODS_ROOT}/Manifest.lock",
			);
			name = "[CP] Check Pods Manifest.lock";
			outputPaths = (
				"$(DERIVED_FILE_DIR)/Pods-ChattrBox-checkManifestLockResult.txt",
			);
			runOnlyForDeploymentPostprocessing = 0;
			shellPath = /bin/sh;
			shellScript = "diff \"${PODS_PODFILE_DIR_PATH}/Podfile.lock\" \"${PODS_ROOT}/Manifest.lock\" > /dev/null\nif [ $? != 0 ] ; then\n    # print error to STDERR\n    echo \"error: The sandbox is not in sync with the Podfile.lock. Run 'pod install' or update your CocoaPods installation.\" >&2\n    exit 1\nfi\n# This output is used by Xcode 'outputs' to avoid re-running this script phase.\necho \"SUCCESS\" > \"${SCRIPT_OUTPUT_FILE_0}\"\n";
			showEnvVarsInLog = 0;
		};
		38A6DC53F476E267D9890DB6 /* [CP] Embed Pods Frameworks */ = {
			isa = PBXShellScriptBuildPhase;
			buildActionMask = 2147483647;
			files = (
			);
			inputPaths = (
				"${SRCROOT}/Pods/Target Support Files/Pods-ChattrBoxTests/Pods-ChattrBoxTests-frameworks.sh",
				"${BUILT_PRODUCTS_DIR}/Realm/Realm.framework",
				"${BUILT_PRODUCTS_DIR}/RealmSwift/RealmSwift.framework",
			);
			name = "[CP] Embed Pods Frameworks";
			outputPaths = (
				"${TARGET_BUILD_DIR}/${FRAMEWORKS_FOLDER_PATH}/Realm.framework",
				"${TARGET_BUILD_DIR}/${FRAMEWORKS_FOLDER_PATH}/RealmSwift.framework",
			);
			runOnlyForDeploymentPostprocessing = 0;
			shellPath = /bin/sh;
			shellScript = "\"${SRCROOT}/Pods/Target Support Files/Pods-ChattrBoxTests/Pods-ChattrBoxTests-frameworks.sh\"\n";
			showEnvVarsInLog = 0;
		};
		6AA3E1276B3D4F4255584DE5 /* [CP] Embed Pods Frameworks */ = {
			isa = PBXShellScriptBuildPhase;
			buildActionMask = 2147483647;
			files = (
			);
			inputPaths = (
				"${SRCROOT}/Pods/Target Support Files/Pods-ChattrBox/Pods-ChattrBox-frameworks.sh",
				"${BUILT_PRODUCTS_DIR}/Realm/Realm.framework",
				"${BUILT_PRODUCTS_DIR}/RealmSwift/RealmSwift.framework",
			);
			name = "[CP] Embed Pods Frameworks";
			outputPaths = (
				"${TARGET_BUILD_DIR}/${FRAMEWORKS_FOLDER_PATH}/Realm.framework",
				"${TARGET_BUILD_DIR}/${FRAMEWORKS_FOLDER_PATH}/RealmSwift.framework",
			);
			runOnlyForDeploymentPostprocessing = 0;
			shellPath = /bin/sh;
			shellScript = "\"${SRCROOT}/Pods/Target Support Files/Pods-ChattrBox/Pods-ChattrBox-frameworks.sh\"\n";
			showEnvVarsInLog = 0;
		};
		A45EE34236917AB9DA78C9F7 /* [CP] Embed Pods Frameworks */ = {
			isa = PBXShellScriptBuildPhase;
			buildActionMask = 2147483647;
			files = (
			);
			inputPaths = (
				"${SRCROOT}/Pods/Target Support Files/Pods-ChattrBoxUITests/Pods-ChattrBoxUITests-frameworks.sh",
				"${BUILT_PRODUCTS_DIR}/Realm/Realm.framework",
				"${BUILT_PRODUCTS_DIR}/RealmSwift/RealmSwift.framework",
			);
			name = "[CP] Embed Pods Frameworks";
			outputPaths = (
				"${TARGET_BUILD_DIR}/${FRAMEWORKS_FOLDER_PATH}/Realm.framework",
				"${TARGET_BUILD_DIR}/${FRAMEWORKS_FOLDER_PATH}/RealmSwift.framework",
			);
			runOnlyForDeploymentPostprocessing = 0;
			shellPath = /bin/sh;
			shellScript = "\"${SRCROOT}/Pods/Target Support Files/Pods-ChattrBoxUITests/Pods-ChattrBoxUITests-frameworks.sh\"\n";
			showEnvVarsInLog = 0;
		};
		C732BCA6B3B04FEB38F47FF8 /* [CP] Check Pods Manifest.lock */ = {
			isa = PBXShellScriptBuildPhase;
			buildActionMask = 2147483647;
			files = (
			);
			inputPaths = (
				"${PODS_PODFILE_DIR_PATH}/Podfile.lock",
				"${PODS_ROOT}/Manifest.lock",
			);
			name = "[CP] Check Pods Manifest.lock";
			outputPaths = (
				"$(DERIVED_FILE_DIR)/Pods-ChattrBoxTests-checkManifestLockResult.txt",
			);
			runOnlyForDeploymentPostprocessing = 0;
			shellPath = /bin/sh;
			shellScript = "diff \"${PODS_PODFILE_DIR_PATH}/Podfile.lock\" \"${PODS_ROOT}/Manifest.lock\" > /dev/null\nif [ $? != 0 ] ; then\n    # print error to STDERR\n    echo \"error: The sandbox is not in sync with the Podfile.lock. Run 'pod install' or update your CocoaPods installation.\" >&2\n    exit 1\nfi\n# This output is used by Xcode 'outputs' to avoid re-running this script phase.\necho \"SUCCESS\" > \"${SCRIPT_OUTPUT_FILE_0}\"\n";
			showEnvVarsInLog = 0;
		};
		D958C9CF327E87E4BEDDF2C0 /* [CP] Check Pods Manifest.lock */ = {
			isa = PBXShellScriptBuildPhase;
			buildActionMask = 2147483647;
			files = (
			);
			inputPaths = (
				"${PODS_PODFILE_DIR_PATH}/Podfile.lock",
				"${PODS_ROOT}/Manifest.lock",
			);
			name = "[CP] Check Pods Manifest.lock";
			outputPaths = (
				"$(DERIVED_FILE_DIR)/Pods-ChattrBoxUITests-checkManifestLockResult.txt",
			);
			runOnlyForDeploymentPostprocessing = 0;
			shellPath = /bin/sh;
			shellScript = "diff \"${PODS_PODFILE_DIR_PATH}/Podfile.lock\" \"${PODS_ROOT}/Manifest.lock\" > /dev/null\nif [ $? != 0 ] ; then\n    # print error to STDERR\n    echo \"error: The sandbox is not in sync with the Podfile.lock. Run 'pod install' or update your CocoaPods installation.\" >&2\n    exit 1\nfi\n# This output is used by Xcode 'outputs' to avoid re-running this script phase.\necho \"SUCCESS\" > \"${SCRIPT_OUTPUT_FILE_0}\"\n";
			showEnvVarsInLog = 0;
		};
/* End PBXShellScriptBuildPhase section */

/* Begin PBXSourcesBuildPhase section */
		E05D7880206F45CF000EC831 /* Sources */ = {
			isa = PBXSourcesBuildPhase;
			buildActionMask = 2147483647;
			files = (
				E0DA993F2074831B005A0AD8 /* PeopleDelegates.swift in Sources */,
				E05D78CD206F4743000EC831 /* AddItemViewController.swift in Sources */,
				E0625FC02086C60700888D50 /* UIApplicationExtension.swift in Sources */,
				E05D78D2206F47F8000EC831 /* Models.swift in Sources */,
				E05D78E9206F481B000EC831 /* PlacesCollectionViewCell.swift in Sources */,
				E019E849207BAE8D006EFB7D /* AlertsModels.swift in Sources */,
				E0DA993B207482C5005A0AD8 /* ActivitiesDelegates.swift in Sources */,
				E0DA993220732D72005A0AD8 /* UIImageAndUIImageView.swift in Sources */,
				E0DA99472075135D005A0AD8 /* AVAudioModels.swift in Sources */,
				E0DA9943207483AD005A0AD8 /* PlacesDelegates.swift in Sources */,
				E05D78F1207126A8000EC831 /* URL.swift in Sources */,
				E0DA99502076A50B005A0AD8 /* IntroViewController.swift in Sources */,
				E05D78BE206F4703000EC831 /* ActivitiesCollectionViewCell.swift in Sources */,
				E0625FBC20868DF600888D50 /* AACDelegatesAndExtensions.swift in Sources */,
				E05D78D9206F480F000EC831 /* PeopleCollectionViewCell.swift in Sources */,
				E05D788A206F45CF000EC831 /* TabBarController.swift in Sources */,
				E0625FB820868D7E00888D50 /* AacEssentialsCollectionViewCell.swift in Sources */,
				E05D78EC206F481B000EC831 /* PlacesCollectionViewController.swift in Sources */,
				E0DA99582076C568005A0AD8 /* AACEssentialsViewController.swift in Sources */,
				E05D7888206F45CF000EC831 /* AppDelegate.swift in Sources */,
				E05D78C1206F4703000EC831 /* ActivitiesCollectionViewController.swift in Sources */,
				E05D78DF206F480F000EC831 /* PeopleCollectionViewController.swift in Sources */,
				E0DA993720747AD7005A0AD8 /* RealmFunctions.swift in Sources */,
			);
			runOnlyForDeploymentPostprocessing = 0;
		};
		E05D7894206F45D0000EC831 /* Sources */ = {
			isa = PBXSourcesBuildPhase;
			buildActionMask = 2147483647;
			files = (
				E05D78EA206F481B000EC831 /* PlacesCollectionViewCell.swift in Sources */,
				E0DA9944207483AD005A0AD8 /* PlacesDelegates.swift in Sources */,
				E0DA993320732D72005A0AD8 /* UIImageAndUIImageView.swift in Sources */,
				E019E84A207BAE8D006EFB7D /* AlertsModels.swift in Sources */,
				E05D78D3206F47F8000EC831 /* Models.swift in Sources */,
				E05D78C2206F4703000EC831 /* ActivitiesCollectionViewController.swift in Sources */,
				E0625FC12086C60700888D50 /* UIApplicationExtension.swift in Sources */,
				E05D78CE206F4743000EC831 /* AddItemViewController.swift in Sources */,
				E05D78E0206F480F000EC831 /* PeopleCollectionViewController.swift in Sources */,
				E05D78F2207126A8000EC831 /* URL.swift in Sources */,
				E0625FBD20868DF600888D50 /* AACDelegatesAndExtensions.swift in Sources */,
				E0DA99592076C568005A0AD8 /* AACEssentialsViewController.swift in Sources */,
				E0DA99612076DED2005A0AD8 /* IntroViewController.swift in Sources */,
				E0DA99402074831B005A0AD8 /* PeopleDelegates.swift in Sources */,
				E05D789D206F45D0000EC831 /* ChattrBoxTests.swift in Sources */,
				E0DA99482075135D005A0AD8 /* AVAudioModels.swift in Sources */,
				E05D78BF206F4703000EC831 /* ActivitiesCollectionViewCell.swift in Sources */,
				E0625FB920868D7E00888D50 /* AacEssentialsCollectionViewCell.swift in Sources */,
				E0DA993820747AD7005A0AD8 /* RealmFunctions.swift in Sources */,
				E05D78ED206F481B000EC831 /* PlacesCollectionViewController.swift in Sources */,
				E0DA993C207482C5005A0AD8 /* ActivitiesDelegates.swift in Sources */,
				E05D78DA206F480F000EC831 /* PeopleCollectionViewCell.swift in Sources */,
			);
			runOnlyForDeploymentPostprocessing = 0;
		};
		E05D789F206F45D0000EC831 /* Sources */ = {
			isa = PBXSourcesBuildPhase;
			buildActionMask = 2147483647;
			files = (
				E05D78EB206F481B000EC831 /* PlacesCollectionViewCell.swift in Sources */,
				E0DA9945207483AD005A0AD8 /* PlacesDelegates.swift in Sources */,
				E0DA993420732D72005A0AD8 /* UIImageAndUIImageView.swift in Sources */,
				E019E84B207BAE8D006EFB7D /* AlertsModels.swift in Sources */,
				E05D78D4206F47F8000EC831 /* Models.swift in Sources */,
				E05D78C3206F4703000EC831 /* ActivitiesCollectionViewController.swift in Sources */,
				E0625FC22086C60700888D50 /* UIApplicationExtension.swift in Sources */,
				E05D78CF206F4743000EC831 /* AddItemViewController.swift in Sources */,
				E05D78E1206F480F000EC831 /* PeopleCollectionViewController.swift in Sources */,
				E05D78F3207126A8000EC831 /* URL.swift in Sources */,
				E0625FBE20868DF600888D50 /* AACDelegatesAndExtensions.swift in Sources */,
				E0DA995A2076C568005A0AD8 /* AACEssentialsViewController.swift in Sources */,
				E0DA99602076DED2005A0AD8 /* IntroViewController.swift in Sources */,
				E0DA99412074831B005A0AD8 /* PeopleDelegates.swift in Sources */,
				E05D78A8206F45D0000EC831 /* ChattrBoxUITests.swift in Sources */,
				E0DA99492075135D005A0AD8 /* AVAudioModels.swift in Sources */,
				E05D78C0206F4703000EC831 /* ActivitiesCollectionViewCell.swift in Sources */,
				E0625FBA20868D7E00888D50 /* AacEssentialsCollectionViewCell.swift in Sources */,
				E0DA993920747AD7005A0AD8 /* RealmFunctions.swift in Sources */,
				E05D78EE206F481B000EC831 /* PlacesCollectionViewController.swift in Sources */,
				E0DA993D207482C5005A0AD8 /* ActivitiesDelegates.swift in Sources */,
				E05D78DB206F480F000EC831 /* PeopleCollectionViewCell.swift in Sources */,
			);
			runOnlyForDeploymentPostprocessing = 0;
		};
/* End PBXSourcesBuildPhase section */

/* Begin PBXTargetDependency section */
		E05D789A206F45D0000EC831 /* PBXTargetDependency */ = {
			isa = PBXTargetDependency;
			target = E05D7883206F45CF000EC831 /* ChattrBox */;
			targetProxy = E05D7899206F45D0000EC831 /* PBXContainerItemProxy */;
		};
		E05D78A5206F45D0000EC831 /* PBXTargetDependency */ = {
			isa = PBXTargetDependency;
			target = E05D7883206F45CF000EC831 /* ChattrBox */;
			targetProxy = E05D78A4206F45D0000EC831 /* PBXContainerItemProxy */;
		};
/* End PBXTargetDependency section */

/* Begin PBXVariantGroup section */
		E05D788B206F45CF000EC831 /* TabBar.storyboard */ = {
			isa = PBXVariantGroup;
			children = (
				E05D788C206F45CF000EC831 /* Base */,
			);
			name = TabBar.storyboard;
			sourceTree = "<group>";
		};
		E05D7890206F45CF000EC831 /* LaunchScreen.storyboard */ = {
			isa = PBXVariantGroup;
			children = (
				E05D7891206F45CF000EC831 /* Base */,
			);
			name = LaunchScreen.storyboard;
			sourceTree = "<group>";
		};
/* End PBXVariantGroup section */

/* Begin XCBuildConfiguration section */
		E05D78AA206F45D0000EC831 /* Debug */ = {
			isa = XCBuildConfiguration;
			buildSettings = {
				ALWAYS_SEARCH_USER_PATHS = NO;
				CLANG_ANALYZER_NONNULL = YES;
				CLANG_ANALYZER_NUMBER_OBJECT_CONVERSION = YES_AGGRESSIVE;
				CLANG_CXX_LANGUAGE_STANDARD = "gnu++14";
				CLANG_CXX_LIBRARY = "libc++";
				CLANG_ENABLE_MODULES = YES;
				CLANG_ENABLE_OBJC_ARC = YES;
				CLANG_WARN_BLOCK_CAPTURE_AUTORELEASING = YES;
				CLANG_WARN_BOOL_CONVERSION = YES;
				CLANG_WARN_COMMA = YES;
				CLANG_WARN_CONSTANT_CONVERSION = YES;
				CLANG_WARN_DEPRECATED_OBJC_IMPLEMENTATIONS = YES;
				CLANG_WARN_DIRECT_OBJC_ISA_USAGE = YES_ERROR;
				CLANG_WARN_DOCUMENTATION_COMMENTS = YES;
				CLANG_WARN_EMPTY_BODY = YES;
				CLANG_WARN_ENUM_CONVERSION = YES;
				CLANG_WARN_INFINITE_RECURSION = YES;
				CLANG_WARN_INT_CONVERSION = YES;
				CLANG_WARN_NON_LITERAL_NULL_CONVERSION = YES;
				CLANG_WARN_OBJC_IMPLICIT_RETAIN_SELF = YES;
				CLANG_WARN_OBJC_LITERAL_CONVERSION = YES;
				CLANG_WARN_OBJC_ROOT_CLASS = YES_ERROR;
				CLANG_WARN_RANGE_LOOP_ANALYSIS = YES;
				CLANG_WARN_STRICT_PROTOTYPES = YES;
				CLANG_WARN_SUSPICIOUS_MOVE = YES;
				CLANG_WARN_UNGUARDED_AVAILABILITY = YES_AGGRESSIVE;
				CLANG_WARN_UNREACHABLE_CODE = YES;
				CLANG_WARN__DUPLICATE_METHOD_MATCH = YES;
				CODE_SIGN_IDENTITY = "iPhone Developer";
				COPY_PHASE_STRIP = NO;
				DEBUG_INFORMATION_FORMAT = dwarf;
				ENABLE_STRICT_OBJC_MSGSEND = YES;
				ENABLE_TESTABILITY = YES;
				GCC_C_LANGUAGE_STANDARD = gnu11;
				GCC_DYNAMIC_NO_PIC = NO;
				GCC_NO_COMMON_BLOCKS = YES;
				GCC_OPTIMIZATION_LEVEL = 0;
				GCC_PREPROCESSOR_DEFINITIONS = (
					"DEBUG=1",
					"$(inherited)",
				);
				GCC_WARN_64_TO_32_BIT_CONVERSION = YES;
				GCC_WARN_ABOUT_RETURN_TYPE = YES_ERROR;
				GCC_WARN_UNDECLARED_SELECTOR = YES;
				GCC_WARN_UNINITIALIZED_AUTOS = YES_AGGRESSIVE;
				GCC_WARN_UNUSED_FUNCTION = YES;
				GCC_WARN_UNUSED_VARIABLE = YES;
				IPHONEOS_DEPLOYMENT_TARGET = 11.2;
				MTL_ENABLE_DEBUG_INFO = YES;
				ONLY_ACTIVE_ARCH = YES;
				SDKROOT = iphoneos;
				SWIFT_ACTIVE_COMPILATION_CONDITIONS = DEBUG;
				SWIFT_OPTIMIZATION_LEVEL = "-Onone";
			};
			name = Debug;
		};
		E05D78AB206F45D0000EC831 /* Release */ = {
			isa = XCBuildConfiguration;
			buildSettings = {
				ALWAYS_SEARCH_USER_PATHS = NO;
				CLANG_ANALYZER_NONNULL = YES;
				CLANG_ANALYZER_NUMBER_OBJECT_CONVERSION = YES_AGGRESSIVE;
				CLANG_CXX_LANGUAGE_STANDARD = "gnu++14";
				CLANG_CXX_LIBRARY = "libc++";
				CLANG_ENABLE_MODULES = YES;
				CLANG_ENABLE_OBJC_ARC = YES;
				CLANG_WARN_BLOCK_CAPTURE_AUTORELEASING = YES;
				CLANG_WARN_BOOL_CONVERSION = YES;
				CLANG_WARN_COMMA = YES;
				CLANG_WARN_CONSTANT_CONVERSION = YES;
				CLANG_WARN_DEPRECATED_OBJC_IMPLEMENTATIONS = YES;
				CLANG_WARN_DIRECT_OBJC_ISA_USAGE = YES_ERROR;
				CLANG_WARN_DOCUMENTATION_COMMENTS = YES;
				CLANG_WARN_EMPTY_BODY = YES;
				CLANG_WARN_ENUM_CONVERSION = YES;
				CLANG_WARN_INFINITE_RECURSION = YES;
				CLANG_WARN_INT_CONVERSION = YES;
				CLANG_WARN_NON_LITERAL_NULL_CONVERSION = YES;
				CLANG_WARN_OBJC_IMPLICIT_RETAIN_SELF = YES;
				CLANG_WARN_OBJC_LITERAL_CONVERSION = YES;
				CLANG_WARN_OBJC_ROOT_CLASS = YES_ERROR;
				CLANG_WARN_RANGE_LOOP_ANALYSIS = YES;
				CLANG_WARN_STRICT_PROTOTYPES = YES;
				CLANG_WARN_SUSPICIOUS_MOVE = YES;
				CLANG_WARN_UNGUARDED_AVAILABILITY = YES_AGGRESSIVE;
				CLANG_WARN_UNREACHABLE_CODE = YES;
				CLANG_WARN__DUPLICATE_METHOD_MATCH = YES;
				CODE_SIGN_IDENTITY = "iPhone Developer";
				COPY_PHASE_STRIP = NO;
				DEBUG_INFORMATION_FORMAT = "dwarf-with-dsym";
				ENABLE_NS_ASSERTIONS = NO;
				ENABLE_STRICT_OBJC_MSGSEND = YES;
				GCC_C_LANGUAGE_STANDARD = gnu11;
				GCC_NO_COMMON_BLOCKS = YES;
				GCC_WARN_64_TO_32_BIT_CONVERSION = YES;
				GCC_WARN_ABOUT_RETURN_TYPE = YES_ERROR;
				GCC_WARN_UNDECLARED_SELECTOR = YES;
				GCC_WARN_UNINITIALIZED_AUTOS = YES_AGGRESSIVE;
				GCC_WARN_UNUSED_FUNCTION = YES;
				GCC_WARN_UNUSED_VARIABLE = YES;
				IPHONEOS_DEPLOYMENT_TARGET = 11.2;
				MTL_ENABLE_DEBUG_INFO = NO;
				SDKROOT = iphoneos;
				SWIFT_OPTIMIZATION_LEVEL = "-Owholemodule";
				VALIDATE_PRODUCT = YES;
			};
			name = Release;
		};
		E05D78AD206F45D0000EC831 /* Debug */ = {
			isa = XCBuildConfiguration;
			baseConfigurationReference = 1DF70566C34635785E84AC30 /* Pods-ChattrBox.debug.xcconfig */;
			buildSettings = {
				ASSETCATALOG_COMPILER_APPICON_NAME = AppIcon;
				CODE_SIGN_STYLE = Automatic;
				DEVELOPMENT_TEAM = UG8R9K7QQG;
				INFOPLIST_FILE = ChattrBox/Info.plist;
				LD_RUNPATH_SEARCH_PATHS = "$(inherited) @executable_path/Frameworks";
				PRODUCT_BUNDLE_IDENTIFIER = com.ceriOSly.ChattrBox;
				PRODUCT_NAME = "$(TARGET_NAME)";
				SWIFT_VERSION = 4.0;
				TARGETED_DEVICE_FAMILY = "1,2";
			};
			name = Debug;
		};
		E05D78AE206F45D0000EC831 /* Release */ = {
			isa = XCBuildConfiguration;
			baseConfigurationReference = 7A37414D14ED20ED562E9DD7 /* Pods-ChattrBox.release.xcconfig */;
			buildSettings = {
				ASSETCATALOG_COMPILER_APPICON_NAME = AppIcon;
				CODE_SIGN_STYLE = Automatic;
				DEVELOPMENT_TEAM = UG8R9K7QQG;
				INFOPLIST_FILE = ChattrBox/Info.plist;
				LD_RUNPATH_SEARCH_PATHS = "$(inherited) @executable_path/Frameworks";
				PRODUCT_BUNDLE_IDENTIFIER = com.ceriOSly.ChattrBox;
				PRODUCT_NAME = "$(TARGET_NAME)";
				SWIFT_VERSION = 4.0;
				TARGETED_DEVICE_FAMILY = "1,2";
			};
			name = Release;
		};
		E05D78B0206F45D0000EC831 /* Debug */ = {
			isa = XCBuildConfiguration;
			baseConfigurationReference = 87F3EDAFD2B90AAAB120E22C /* Pods-ChattrBoxTests.debug.xcconfig */;
			buildSettings = {
				ALWAYS_EMBED_SWIFT_STANDARD_LIBRARIES = YES;
				BUNDLE_LOADER = "$(TEST_HOST)";
				CODE_SIGN_STYLE = Automatic;
				DEVELOPMENT_TEAM = AS82F53XC3;
				INFOPLIST_FILE = ChattrBoxTests/Info.plist;
				LD_RUNPATH_SEARCH_PATHS = "$(inherited) @executable_path/Frameworks @loader_path/Frameworks";
				PRODUCT_BUNDLE_IDENTIFIER = com.ceriOSrey.ChattrBoxTests;
				PRODUCT_NAME = "$(TARGET_NAME)";
				SWIFT_VERSION = 4.0;
				TARGETED_DEVICE_FAMILY = "1,2";
				TEST_HOST = "$(BUILT_PRODUCTS_DIR)/ChattrBox.app/ChattrBox";
			};
			name = Debug;
		};
		E05D78B1206F45D0000EC831 /* Release */ = {
			isa = XCBuildConfiguration;
			baseConfigurationReference = 7DC3A4CEC28947B950415C0C /* Pods-ChattrBoxTests.release.xcconfig */;
			buildSettings = {
				ALWAYS_EMBED_SWIFT_STANDARD_LIBRARIES = YES;
				BUNDLE_LOADER = "$(TEST_HOST)";
				CODE_SIGN_STYLE = Automatic;
				DEVELOPMENT_TEAM = AS82F53XC3;
				INFOPLIST_FILE = ChattrBoxTests/Info.plist;
				LD_RUNPATH_SEARCH_PATHS = "$(inherited) @executable_path/Frameworks @loader_path/Frameworks";
				PRODUCT_BUNDLE_IDENTIFIER = com.ceriOSrey.ChattrBoxTests;
				PRODUCT_NAME = "$(TARGET_NAME)";
				SWIFT_VERSION = 4.0;
				TARGETED_DEVICE_FAMILY = "1,2";
				TEST_HOST = "$(BUILT_PRODUCTS_DIR)/ChattrBox.app/ChattrBox";
			};
			name = Release;
		};
		E05D78B3206F45D0000EC831 /* Debug */ = {
			isa = XCBuildConfiguration;
			baseConfigurationReference = 9404B046C0DDCEBBB0D31B88 /* Pods-ChattrBoxUITests.debug.xcconfig */;
			buildSettings = {
				ALWAYS_EMBED_SWIFT_STANDARD_LIBRARIES = YES;
				CODE_SIGN_STYLE = Automatic;
				DEVELOPMENT_TEAM = AS82F53XC3;
				INFOPLIST_FILE = ChattrBoxUITests/Info.plist;
				LD_RUNPATH_SEARCH_PATHS = "$(inherited) @executable_path/Frameworks @loader_path/Frameworks";
				PRODUCT_BUNDLE_IDENTIFIER = com.ceriOSrey.ChattrBoxUITests;
				PRODUCT_NAME = "$(TARGET_NAME)";
				SWIFT_VERSION = 4.0;
				TARGETED_DEVICE_FAMILY = "1,2";
				TEST_TARGET_NAME = ChattrBox;
			};
			name = Debug;
		};
		E05D78B4206F45D0000EC831 /* Release */ = {
			isa = XCBuildConfiguration;
			baseConfigurationReference = 630E97F03FD58681ACD95AD8 /* Pods-ChattrBoxUITests.release.xcconfig */;
			buildSettings = {
				ALWAYS_EMBED_SWIFT_STANDARD_LIBRARIES = YES;
				CODE_SIGN_STYLE = Automatic;
				DEVELOPMENT_TEAM = AS82F53XC3;
				INFOPLIST_FILE = ChattrBoxUITests/Info.plist;
				LD_RUNPATH_SEARCH_PATHS = "$(inherited) @executable_path/Frameworks @loader_path/Frameworks";
				PRODUCT_BUNDLE_IDENTIFIER = com.ceriOSrey.ChattrBoxUITests;
				PRODUCT_NAME = "$(TARGET_NAME)";
				SWIFT_VERSION = 4.0;
				TARGETED_DEVICE_FAMILY = "1,2";
				TEST_TARGET_NAME = ChattrBox;
			};
			name = Release;
		};
/* End XCBuildConfiguration section */

/* Begin XCConfigurationList section */
		E05D787F206F45CF000EC831 /* Build configuration list for PBXProject "ChattrBox" */ = {
			isa = XCConfigurationList;
			buildConfigurations = (
				E05D78AA206F45D0000EC831 /* Debug */,
				E05D78AB206F45D0000EC831 /* Release */,
			);
			defaultConfigurationIsVisible = 0;
			defaultConfigurationName = Release;
		};
		E05D78AC206F45D0000EC831 /* Build configuration list for PBXNativeTarget "ChattrBox" */ = {
			isa = XCConfigurationList;
			buildConfigurations = (
				E05D78AD206F45D0000EC831 /* Debug */,
				E05D78AE206F45D0000EC831 /* Release */,
			);
			defaultConfigurationIsVisible = 0;
			defaultConfigurationName = Release;
		};
		E05D78AF206F45D0000EC831 /* Build configuration list for PBXNativeTarget "ChattrBoxTests" */ = {
			isa = XCConfigurationList;
			buildConfigurations = (
				E05D78B0206F45D0000EC831 /* Debug */,
				E05D78B1206F45D0000EC831 /* Release */,
			);
			defaultConfigurationIsVisible = 0;
			defaultConfigurationName = Release;
		};
		E05D78B2206F45D0000EC831 /* Build configuration list for PBXNativeTarget "ChattrBoxUITests" */ = {
			isa = XCConfigurationList;
			buildConfigurations = (
				E05D78B3206F45D0000EC831 /* Debug */,
				E05D78B4206F45D0000EC831 /* Release */,
			);
			defaultConfigurationIsVisible = 0;
			defaultConfigurationName = Release;
		};
/* End XCConfigurationList section */
	};
	rootObject = E05D787C206F45CF000EC831 /* Project object */;
}
